
Microsoft Visual Studio Solution File, Format Version 11.00
# Visual Studio 2010
Project("{FAE04EC0-301F-11D3-BF4B-00C04F79EFBC}") = "REST2", "REST2\REST2.csproj", "{14CB4884-00F3-4C4F-87C6-B8B7D0BDDFF2}"
EndProject
Global
	GlobalSection(SolutionConfigurationPlatforms) = preSolution
		Debug|Any CPU = Debug|Any CPU
		Release|Any CPU = Release|Any CPU
	EndGlobalSection
	GlobalSection(ProjectConfigurationPlatforms) = postSolution
		{14CB4884-00F3-4C4F-87C6-B8B7D0BDDFF2}.Debug|Any CPU.ActiveCfg = Debug|Any CPU
		{14CB4884-00F3-4C4F-87C6-B8B7D0BDDFF2}.Debug|Any CPU.Build.0 = Debug|Any CPU
		{14CB4884-00F3-4C4F-87C6-B8B7D0BDDFF2}.Release|Any CPU.ActiveCfg = Release|Any CPU
		{14CB4884-00F3-4C4F-87C6-B8B7D0BDDFF2}.Release|Any CPU.Build.0 = Release|Any CPU
	EndGlobalSection
	GlobalSection(SolutionProperties) = preSolution
		HideSolutionNode = FALSE
	EndGlobalSection
EndGlobal
